
Microsoft Visual Studio Solution File, Format Version 12.00
# Visual Studio Version 17
VisualStudioVersion = 17.5.002.0
MinimumVisualStudioVersion = 10.0.40219.1
Project("{9A19103F-16F7-4668-BE54-9A1E7A4F7556}") = "api", "API\api.csproj", "{C1D11263-14FC-45EC-8D1E-5F22B0EF6BB0}"
EndProject
Project("{9A19103F-16F7-4668-BE54-9A1E7A4F7556}") = "mvc", "MVC\mvc.csproj", "{5B8E9051-4194-4A32-83AF-D288D654B32C}"
EndProject
Global
	GlobalSection(SolutionConfigurationPlatforms) = preSolution
		Debug|Any CPU = Debug|Any CPU
		Release|Any CPU = Release|Any CPU
	EndGlobalSection
	GlobalSection(ProjectConfigurationPlatforms) = postSolution
		{C1D11263-14FC-45EC-8D1E-5F22B0EF6BB0}.Debug|Any CPU.ActiveCfg = Debug|Any CPU
		{C1D11263-14FC-45EC-8D1E-5F22B0EF6BB0}.Debug|Any CPU.Build.0 = Debug|Any CPU
		{C1D11263-14FC-45EC-8D1E-5F22B0EF6BB0}.Release|Any CPU.ActiveCfg = Release|Any CPU
		{C1D11263-14FC-45EC-8D1E-5F22B0EF6BB0}.Release|Any CPU.Build.0 = Release|Any CPU
		{5B8E9051-4194-4A32-83AF-D288D654B32C}.Debug|Any CPU.ActiveCfg = Debug|Any CPU
		{5B8E9051-4194-4A32-83AF-D288D654B32C}.Debug|Any CPU.Build.0 = Debug|Any CPU
		{5B8E9051-4194-4A32-83AF-D288D654B32C}.Release|Any CPU.ActiveCfg = Release|Any CPU
		{5B8E9051-4194-4A32-83AF-D288D654B32C}.Release|Any CPU.Build.0 = Release|Any CPU
	EndGlobalSection
	GlobalSection(SolutionProperties) = preSolution
		HideSolutionNode = FALSE
	EndGlobalSection
	GlobalSection(ExtensibilityGlobals) = postSolution
		SolutionGuid = {98DA4BFE-6328-4EF9-BF45-ABFEF5A884D8}
	EndGlobalSection
EndGlobal
